<Solution>
  <Folder Name="/src/">
    <Project Path="src/Clockwork/Clockwork.csproj" />
    <Project Path="src/Clockwork.Runtime/Clockwork.Runtime.csproj" />
    <Project Path="src/Clockwork.Instrumentation/Clockwork.Instrumentation.csproj" />
    <Project Path="src/Clockwork.Instrumentation.Build/Clockwork.Instrumentation.Build.csproj" />
    <Project Path="src/Clockwork.Tool/Clockwork.Tool.csproj" />
    <Project Path="src/Clockwork.Analyzers/Clockwork.Analyzers.csproj" />
    <Project Path="src/Clockwork.Testing/Clockwork.Testing.csproj" />
  </Folder>
  <Folder Name="/tests/">
    <Project Path="tests/Clockwork.Tests/Clockwork.Tests.csproj" />
    <Project Path="tests/Clockwork.Runtime.Tests/Clockwork.Runtime.Tests.csproj" />
    <Project Path="tests/Clockwork.Instrumentation.Tests/Clockwork.Instrumentation.Tests.csproj" />
    <Project Path="tests/Clockwork.Conformance.Tests/Clockwork.Conformance.Tests.csproj" />
    <Project Path="tests/Clockwork.Analyzers.Tests/Clockwork.Analyzers.Tests.csproj" />
    <Project Path="tests/Clockwork.Testing.Tests/Clockwork.Testing.Tests.csproj" />
  </Folder>
</Solution>
